
Microsoft Visual Studio Solution File, Format Version 12.00
# Visual Studio Version 16
VisualStudioVersion = 16.0.34601.136
MinimumVisualStudioVersion = 10.0.40219.1
Project("{FAE04EC0-301F-11D3-BF4B-00C04F79EFBC}") = "E-Commerce", "E-Commerce.csproj", "{D7CAB5CC-99C2-45C1-9BD9-4A3645E8F116}"
EndProject
Global
	GlobalSection(SolutionConfigurationPlatforms) = preSolution
		Debug|Any CPU = Debug|Any CPU
		Release|Any CPU = Release|Any CPU
	EndGlobalSection
	GlobalSection(ProjectConfigurationPlatforms) = postSolution
		{D7CAB5CC-99C2-45C1-9BD9-4A3645E8F116}.Debug|Any CPU.ActiveCfg = Debug|Any CPU
		{D7CAB5CC-99C2-45C1-9BD9-4A3645E8F116}.Debug|Any CPU.Build.0 = Debug|Any CPU
		{D7CAB5CC-99C2-45C1-9BD9-4A3645E8F116}.Release|Any CPU.ActiveCfg = Release|Any CPU
		{D7CAB5CC-99C2-45C1-9BD9-4A3645E8F116}.Release|Any CPU.Build.0 = Release|Any CPU
	EndGlobalSection
	GlobalSection(SolutionProperties) = preSolution
		HideSolutionNode = FALSE
	EndGlobalSection
	GlobalSection(ExtensibilityGlobals) = postSolution
		SolutionGuid = {C0EFDF0B-7466-4075-A1AA-21E36A7CB826}
	EndGlobalSection
EndGlobal
